{
    "_meta": {
        "hash": {
            "sha256": "2139301d88853e77d4937591f0996fa89ee53dc52b5e06b6b159f52726d5d44b"
        },
        "pipfile-spec": 6,
        "requires": {
            "python_full_version": "3.9.4",
            "python_version": "3.9"
        },
        "sources": [
            {
                "name": "pypi",
                "url": "https://pypi.org/simple",
                "verify_ssl": true
            }
        ]
    },
    "default": {
        "blinker": {
            "hashes": [
                "sha256:c3f865d4d54db7abc53758a01601cf343fe55b84c1de4e3fa910e420b438d5b9",
                "sha256:e6820ff6fa4e4d1d8e2747c2283749c3f547e4fee112b98555cdcdae32996182"
            ],
            "markers": "python_version >= '3.8'",
            "version": "==1.7.0"
        },
        "click": {
            "hashes": [
                "sha256:ae74fb96c20a0277a1d615f1e4d73c8414f5a98db8b799a7931d1582f3390c28",
                "sha256:ca9853ad459e787e2192211578cc907e7594e294c7ccc834310722b41b9ca6de"
            ],
            "markers": "python_version >= '3.7'",
            "version": "==8.1.7"
        },
        "flask": {
            "hashes": [
                "sha256:3232e0e9c850d781933cf0207523d1ece087eb8d87b23777ae38456e2fbe7c6e",
                "sha256:822c03f4b799204250a7ee84b1eddc40665395333973dfb9deebfe425fefcb7d"
            ],
            "index": "pypi",
            "version": "==3.0.2"
        },
        "flask-sqlalchemy": {
            "hashes": [
                "sha256:4ba4be7f419dc72f4efd8802d69974803c37259dd42f3913b0dcf75c9447e0a0",
                "sha256:e4b68bb881802dda1a7d878b2fc84c06d1ee57fb40b874d3dc97dabfa36b8312"
            ],
            "index": "pypi",
            "version": "==3.1.1"
        },
        "flask-wtf": {
            "hashes": [
                "sha256:8bb269eb9bb46b87e7c8233d7e7debdf1f8b74bf90cc1789988c29b37a97b695",
                "sha256:fa6793f2fb7e812e0fe9743b282118e581fb1b6c45d414b8af05e659bd653287"
            ],
            "index": "pypi",
            "version": "==1.2.1"
        },
        "importlib-metadata": {
            "hashes": [
                "sha256:4805911c3a4ec7c3966410053e9ec6a1fecd629117df5adee56dfc9432a1081e",
                "sha256:f238736bb06590ae52ac1fab06a3a9ef1d8dce2b7a35b5ab329371d6c8f5d2cc"
            ],
            "markers": "python_version < '3.10'",
            "version": "==7.0.1"
        },
        "itsdangerous": {
            "hashes": [
                "sha256:2c2349112351b88699d8d4b6b075022c0808887cb7ad10069318a8b0bc88db44",
                "sha256:5dbbc68b317e5e42f327f9021763545dc3fc3bfe22e6deb96aaf1fc38874156a"
            ],
            "markers": "python_version >= '3.7'",
            "version": "==2.1.2"
        },
        "jinja2": {
            "hashes": [
                "sha256:7d6d50dd97d52cbc355597bd845fabfbac3f551e1f99619e39a35ce8c370b5fa",
                "sha256:ac8bd6544d4bb2c9792bf3a159e80bba8fda7f07e81bc3aed565432d5925ba90"
            ],
            "markers": "python_version >= '3.7'",
            "version": "==3.1.3"
        },
        "markupsafe": {
            "hashes": [
                "sha256:00e046b6dd71aa03a41079792f8473dc494d564611a8f89bbbd7cb93295ebdcf",
                "sha256:075202fa5b72c86ad32dc7d0b56024ebdbcf2048c0ba09f1cde31bfdd57bcfff",
                "sha256:0e397ac966fdf721b2c528cf028494e86172b4feba51d65f81ffd65c63798f3f",
                "sha256:17b950fccb810b3293638215058e432159d2b71005c74371d784862b7e4683f3",
                "sha256:1f3fbcb7ef1f16e48246f704ab79d79da8a46891e2da03f8783a5b6fa41a9532",
                "sha256:2174c595a0d73a3080ca3257b40096db99799265e1c27cc5a610743acd86d62f",
                "sha256:2b7c57a4dfc4f16f7142221afe5ba4e093e09e728ca65c51f5620c9aaeb9a617",
                "sha256:2d2d793e36e230fd32babe143b04cec8a8b3eb8a3122d2aceb4a371e6b09b8df",
                "sha256:30b600cf0a7ac9234b2638fbc0fb6158ba5bdcdf46aeb631ead21248b9affbc4",
                "sha256:397081c1a0bfb5124355710fe79478cdbeb39626492b15d399526ae53422b906",
                "sha256:3a57fdd7ce31c7ff06cdfbf31dafa96cc533c21e443d57f5b1ecc6cdc668ec7f",
                "sha256:3c6b973f22eb18a789b1460b4b91bf04ae3f0c4234a0a6aa6b0a92f6f7b951d4",
                "sha256:3e53af139f8579a6d5f7b76549125f0d94d7e630761a2111bc431fd820e163b8",
                "sha256:4096e9de5c6fdf43fb4f04c26fb114f61ef0bf2e5604b6ee3019d51b69e8c371",
                "sha256:4275d846e41ecefa46e2015117a9f491e57a71ddd59bbead77e904dc02b1bed2",
                "sha256:4c31f53cdae6ecfa91a77820e8b151dba54ab528ba65dfd235c80b086d68a465",
                "sha256:4f11aa001c540f62c6166c7726f71f7573b52c68c31f014c25cc7901deea0b52",
                "sha256:5049256f536511ee3f7e1b3f87d1d1209d327e818e6ae1365e8653d7e3abb6a6",
                "sha256:58c98fee265677f63a4385256a6d7683ab1832f3ddd1e66fe948d5880c21a169",
                "sha256:598e3276b64aff0e7b3451b72e94fa3c238d452e7ddcd893c3ab324717456bad",
                "sha256:5b7b716f97b52c5a14bffdf688f971b2d5ef4029127f1ad7a513973cfd818df2",
                "sha256:5dedb4db619ba5a2787a94d877bc8ffc0566f92a01c0ef214865e54ecc9ee5e0",
                "sha256:619bc166c4f2de5caa5a633b8b7326fbe98e0ccbfacabd87268a2b15ff73a029",
                "sha256:629ddd2ca402ae6dbedfceeba9c46d5f7b2a61d9749597d4307f943ef198fc1f",
                "sha256:656f7526c69fac7f600bd1f400991cc282b417d17539a1b228617081106feb4a",
                "sha256:6ec585f69cec0aa07d945b20805be741395e28ac1627333b1c5b0105962ffced",
                "sha256:72b6be590cc35924b02c78ef34b467da4ba07e4e0f0454a2c5907f473fc50ce5",
                "sha256:7502934a33b54030eaf1194c21c692a534196063db72176b0c4028e140f8f32c",
                "sha256:7a68b554d356a91cce1236aa7682dc01df0edba8d043fd1ce607c49dd3c1edcf",
                "sha256:7b2e5a267c855eea6b4283940daa6e88a285f5f2a67f2220203786dfa59b37e9",
                "sha256:823b65d8706e32ad2df51ed89496147a42a2a6e01c13cfb6ffb8b1e92bc910bb",
                "sha256:8590b4ae07a35970728874632fed7bd57b26b0102df2d2b233b6d9d82f6c62ad",
                "sha256:8dd717634f5a044f860435c1d8c16a270ddf0ef8588d4887037c5028b859b0c3",
                "sha256:8dec4936e9c3100156f8a2dc89c4b88d5c435175ff03413b443469c7c8c5f4d1",
                "sha256:97cafb1f3cbcd3fd2b6fbfb99ae11cdb14deea0736fc2b0952ee177f2b813a46",
                "sha256:a17a92de5231666cfbe003f0e4b9b3a7ae3afb1ec2845aadc2bacc93ff85febc",
                "sha256:a549b9c31bec33820e885335b451286e2969a2d9e24879f83fe904a5ce59d70a",
                "sha256:ac07bad82163452a6884fe8fa0963fb98c2346ba78d779ec06bd7a6262132aee",
                "sha256:ae2ad8ae6ebee9d2d94b17fb62763125f3f374c25618198f40cbb8b525411900",
                "sha256:b91c037585eba9095565a3556f611e3cbfaa42ca1e865f7b8015fe5c7336d5a5",
                "sha256:bc1667f8b83f48511b94671e0e441401371dfd0f0a795c7daa4a3cd1dde55bea",
                "sha256:bec0a414d016ac1a18862a519e54b2fd0fc8bbfd6890376898a6c0891dd82e9f",
                "sha256:bf50cd79a75d181c9181df03572cdce0fbb75cc353bc350712073108cba98de5",
                "sha256:bff1b4290a66b490a2f4719358c0cdcd9bafb6b8f061e45c7a2460866bf50c2e",
                "sha256:c061bb86a71b42465156a3ee7bd58c8c2ceacdbeb95d05a99893e08b8467359a",
                "sha256:c8b29db45f8fe46ad280a7294f5c3ec36dbac9491f2d1c17345be8e69cc5928f",
                "sha256:ce409136744f6521e39fd8e2a24c53fa18ad67aa5bc7c2cf83645cce5b5c4e50",
                "sha256:d050b3361367a06d752db6ead6e7edeb0009be66bc3bae0ee9d97fb326badc2a",
                "sha256:d283d37a890ba4c1ae73ffadf8046435c76e7bc2247bbb63c00bd1a709c6544b",
                "sha256:d9fad5155d72433c921b782e58892377c44bd6252b5af2f67f16b194987338a4",
                "sha256:daa4ee5a243f0f20d528d939d06670a298dd39b1ad5f8a72a4275124a7819eff",
                "sha256:db0b55e0f3cc0be60c1f19efdde9a637c32740486004f20d1cff53c3c0ece4d2",
                "sha256:e61659ba32cf2cf1481e575d0462554625196a1f2fc06a1c777d3f48e8865d46",
                "sha256:ea3d8a3d18833cf4304cd2fc9cbb1efe188ca9b5efef2bdac7adc20594a0e46b",
                "sha256:ec6a563cff360b50eed26f13adc43e61bc0c04d94b8be985e6fb24b81f6dcfdf",
                "sha256:f5dfb42c4604dddc8e4305050aa6deb084540643ed5804d7455b5df8fe16f5e5",
                "sha256:fa173ec60341d6bb97a89f5ea19c85c5643c1e7dedebc22f5181eb73573142c5",
                "sha256:fa9db3f79de01457b03d4f01b34cf91bc0048eb2c3846ff26f66687c2f6d16ab",
                "sha256:fce659a462a1be54d2ffcacea5e3ba2d74daa74f30f5f143fe0c58636e355fdd",
                "sha256:ffee1f21e5ef0d712f9033568f8344d5da8cc2869dbd08d87c84656e6a2d2f68"
            ],
            "markers": "python_version >= '3.7'",
            "version": "==2.1.5"
        },
        "python-dotenv": {
            "hashes": [
                "sha256:e324ee90a023d808f1959c46bcbc04446a10ced277783dc6ee09987c37ec10ca",
                "sha256:f7b63ef50f1b690dddf550d03497b66d609393b40b564ed0d674909a68ebf16a"
            ],
            "index": "pypi",
            "version": "==1.0.1"
        },
        "sqlalchemy": {
            "hashes": [
                "sha256:0d3cab3076af2e4aa5693f89622bef7fa770c6fec967143e4da7508b3dceb9b9",
                "sha256:0dacf67aee53b16f365c589ce72e766efaabd2b145f9de7c917777b575e3659d",
                "sha256:10331f129982a19df4284ceac6fe87353ca3ca6b4ca77ff7d697209ae0a5915e",
                "sha256:14a6f68e8fc96e5e8f5647ef6cda6250c780612a573d99e4d881581432ef1669",
                "sha256:1b1180cda6df7af84fe72e4530f192231b1f29a7496951db4ff38dac1687202d",
                "sha256:29049e2c299b5ace92cbed0c1610a7a236f3baf4c6b66eb9547c01179f638ec5",
                "sha256:342d365988ba88ada8af320d43df4e0b13a694dbd75951f537b2d5e4cb5cd002",
                "sha256:420362338681eec03f53467804541a854617faed7272fe71a1bfdb07336a381e",
                "sha256:4344d059265cc8b1b1be351bfb88749294b87a8b2bbe21dfbe066c4199541ebd",
                "sha256:4f7a7d7fcc675d3d85fbf3b3828ecd5990b8d61bd6de3f1b260080b3beccf215",
                "sha256:555651adbb503ac7f4cb35834c5e4ae0819aab2cd24857a123370764dc7d7e24",
                "sha256:59a21853f5daeb50412d459cfb13cb82c089ad4c04ec208cd14dddd99fc23b39",
                "sha256:5fdd402169aa00df3142149940b3bf9ce7dde075928c1886d9a1df63d4b8de62",
                "sha256:605b6b059f4b57b277f75ace81cc5bc6335efcbcc4ccb9066695e515dbdb3900",
                "sha256:665f0a3954635b5b777a55111ababf44b4fc12b1f3ba0a435b602b6387ffd7cf",
                "sha256:6f9e2e59cbcc6ba1488404aad43de005d05ca56e069477b33ff74e91b6319735",
                "sha256:736ea78cd06de6c21ecba7416499e7236a22374561493b456a1f7ffbe3f6cdb4",
                "sha256:74b080c897563f81062b74e44f5a72fa44c2b373741a9ade701d5f789a10ba23",
                "sha256:75432b5b14dc2fff43c50435e248b45c7cdadef73388e5610852b95280ffd0e9",
                "sha256:75f99202324383d613ddd1f7455ac908dca9c2dd729ec8584c9541dd41822a2c",
                "sha256:790f533fa5c8901a62b6fef5811d48980adeb2f51f1290ade8b5e7ba990ba3de",
                "sha256:798f717ae7c806d67145f6ae94dc7c342d3222d3b9a311a784f371a4333212c7",
                "sha256:7c88f0c7dcc5f99bdb34b4fd9b69b93c89f893f454f40219fe923a3a2fd11625",
                "sha256:7d505815ac340568fd03f719446a589162d55c52f08abd77ba8964fbb7eb5b5f",
                "sha256:84daa0a2055df9ca0f148a64fdde12ac635e30edbca80e87df9b3aaf419e144a",
                "sha256:87d91043ea0dc65ee583026cb18e1b458d8ec5fc0a93637126b5fc0bc3ea68c4",
                "sha256:87f6e732bccd7dcf1741c00f1ecf33797383128bd1c90144ac8adc02cbb98643",
                "sha256:884272dcd3ad97f47702965a0e902b540541890f468d24bd1d98bcfe41c3f018",
                "sha256:8b8cb63d3ea63b29074dcd29da4dc6a97ad1349151f2d2949495418fd6e48db9",
                "sha256:91f7d9d1c4dd1f4f6e092874c128c11165eafcf7c963128f79e28f8445de82d5",
                "sha256:a2c69a7664fb2d54b8682dd774c3b54f67f84fa123cf84dda2a5f40dcaa04e08",
                "sha256:a3be4987e3ee9d9a380b66393b77a4cd6d742480c951a1c56a23c335caca4ce3",
                "sha256:a86b4240e67d4753dc3092d9511886795b3c2852abe599cffe108952f7af7ac3",
                "sha256:aa9373708763ef46782d10e950b49d0235bfe58facebd76917d3f5cbf5971aed",
                "sha256:b64b183d610b424a160b0d4d880995e935208fc043d0302dd29fee32d1ee3f95",
                "sha256:b801154027107461ee992ff4b5c09aa7cc6ec91ddfe50d02bca344918c3265c6",
                "sha256:bb209a73b8307f8fe4fe46f6ad5979649be01607f11af1eb94aa9e8a3aaf77f0",
                "sha256:bc8b7dabe8e67c4832891a5d322cec6d44ef02f432b4588390017f5cec186a84",
                "sha256:c51db269513917394faec5e5c00d6f83829742ba62e2ac4fa5c98d58be91662f",
                "sha256:c55731c116806836a5d678a70c84cb13f2cedba920212ba7dcad53260997666d",
                "sha256:cf18ff7fc9941b8fc23437cc3e68ed4ebeff3599eec6ef5eebf305f3d2e9a7c2",
                "sha256:d24f571990c05f6b36a396218f251f3e0dda916e0c687ef6fdca5072743208f5",
                "sha256:db854730a25db7c956423bb9fb4bdd1216c839a689bf9cc15fada0a7fb2f4570",
                "sha256:dc55990143cbd853a5d038c05e79284baedf3e299661389654551bd02a6a68d7",
                "sha256:e607cdd99cbf9bb80391f54446b86e16eea6ad309361942bf88318bcd452363c",
                "sha256:ecf6d4cda1f9f6cb0b45803a01ea7f034e2f1aed9475e883410812d9f9e3cfcf",
                "sha256:f2a159111a0f58fb034c93eeba211b4141137ec4b0a6e75789ab7a3ef3c7e7e3",
                "sha256:f37c0caf14b9e9b9e8f6dbc81bc56db06acb4363eba5a633167781a48ef036ed",
                "sha256:f5693145220517b5f42393e07a6898acdfe820e136c98663b971906120549da5"
            ],
            "index": "pypi",
            "version": "==2.0.25"
        },
        "typing-extensions": {
            "hashes": [
                "sha256:23478f88c37f27d76ac8aee6c905017a143b0b1b886c3c9f66bc2fd94f9f5783",
                "sha256:af72aea155e91adfc61c3ae9e0e342dbc0cba726d6cba4b6c72c1f34e47291cd"
            ],
            "markers": "python_version >= '3.8'",
            "version": "==4.9.0"
        },
        "werkzeug": {
            "hashes": [
                "sha256:507e811ecea72b18a404947aded4b3390e1db8f826b494d76550ef45bb3b1dcc",
                "sha256:90a285dc0e42ad56b34e696398b8122ee4c681833fb35b8334a095d82c56da10"
            ],
            "markers": "python_version >= '3.8'",
            "version": "==3.0.1"
        },
        "wtforms": {
            "hashes": [
                "sha256:bf831c042829c8cdbad74c27575098d541d039b1faa74c771545ecac916f2c07",
                "sha256:f8d76180d7239c94c6322f7990ae1216dae3659b7aa1cee94b6318bdffb474b9"
            ],
            "index": "pypi",
            "version": "==3.1.2"
        },
        "zipp": {
            "hashes": [
                "sha256:0e923e726174922dce09c53c59ad483ff7bbb8e572e00c7f7c46b88556409f31",
                "sha256:84e64a1c28cf7e91ed2078bb8cc8c259cb19b76942096c8d7b84947690cabaf0"
            ],
            "markers": "python_version >= '3.8'",
            "version": "==3.17.0"
        }
    },
    "develop": {}
}
